Microsoft Visual Studio Solution File, Format Version 12.00
# Visual Studio 15
VisualStudioVersion = 15.0.26124.0
MinimumVisualStudioVersion = 15.0.26124.0
Project("{9A19103F-16F7-4668-BE54-9A1E7A4F7556}") = "SylGameLauncher", "SylGameLauncher\SylGameLauncher.csproj", "{F8B4B16A-2CC3-4B1C-9E1B-30FA796D81D3}"
EndProject
Project("{9A19103F-16F7-4668-BE54-9A1E7A4F7556}") = "SylGameLauncher.CLI", "SylGameLauncher.CLI\SylGameLauncher.CLI.csproj", "{602740FD-C13E-4A47-A9D8-B5DB967DE06D}"
EndProject
Project("{9A19103F-16F7-4668-BE54-9A1E7A4F7556}") = "SylGameLauncher.Convert", "SylGameLauncher.Convert\SylGameLauncher.Convert.csproj", "{DC6EFBA2-0B06-406C-801E-596291D2672A}"
EndProject
Global
	GlobalSection(SolutionConfigurationPlatforms) = preSolution
		Debug|Any CPU = Debug|Any CPU
		Debug|x64 = Debug|x64
		Debug|x86 = Debug|x86
		Release|Any CPU = Release|Any CPU
		Release|x64 = Release|x64
		Release|x86 = Release|x86
	EndGlobalSection
	GlobalSection(ProjectConfigurationPlatforms) = postSolution
		{F8B4B16A-2CC3-4B1C-9E1B-30FA796D81D3}.Debug|Any CPU.ActiveCfg = Debug|Any CPU
		{F8B4B16A-2CC3-4B1C-9E1B-30FA796D81D3}.Debug|Any CPU.Build.0 = Debug|Any CPU
		{F8B4B16A-2CC3-4B1C-9E1B-30FA796D81D3}.Debug|x64.ActiveCfg = Debug|Any CPU
		{F8B4B16A-2CC3-4B1C-9E1B-30FA796D81D3}.Debug|x64.Build.0 = Debug|Any CPU
		{F8B4B16A-2CC3-4B1C-9E1B-30FA796D81D3}.Debug|x86.ActiveCfg = Debug|Any CPU
		{F8B4B16A-2CC3-4B1C-9E1B-30FA796D81D3}.Debug|x86.Build.0 = Debug|Any CPU
		{F8B4B16A-2CC3-4B1C-9E1B-30FA796D81D3}.Release|Any CPU.ActiveCfg = Release|Any CPU
		{F8B4B16A-2CC3-4B1C-9E1B-30FA796D81D3}.Release|Any CPU.Build.0 = Release|Any CPU
		{F8B4B16A-2CC3-4B1C-9E1B-30FA796D81D3}.Release|x64.ActiveCfg = Release|Any CPU
		{F8B4B16A-2CC3-4B1C-9E1B-30FA796D81D3}.Release|x64.Build.0 = Release|Any CPU
		{F8B4B16A-2CC3-4B1C-9E1B-30FA796D81D3}.Release|x86.ActiveCfg = Release|Any CPU
		{F8B4B16A-2CC3-4B1C-9E1B-30FA796D81D3}.Release|x86.Build.0 = Release|Any CPU
		{602740FD-C13E-4A47-A9D8-B5DB967DE06D}.Debug|Any CPU.ActiveCfg = Debug|Any CPU
		{602740FD-C13E-4A47-A9D8-B5DB967DE06D}.Debug|Any CPU.Build.0 = Debug|Any CPU
		{602740FD-C13E-4A47-A9D8-B5DB967DE06D}.Debug|x64.ActiveCfg = Debug|Any CPU
		{602740FD-C13E-4A47-A9D8-B5DB967DE06D}.Debug|x64.Build.0 = Debug|Any CPU
		{602740FD-C13E-4A47-A9D8-B5DB967DE06D}.Debug|x86.ActiveCfg = Debug|Any CPU
		{602740FD-C13E-4A47-A9D8-B5DB967DE06D}.Debug|x86.Build.0 = Debug|Any CPU
		{602740FD-C13E-4A47-A9D8-B5DB967DE06D}.Release|Any CPU.ActiveCfg = Release|Any CPU
		{602740FD-C13E-4A47-A9D8-B5DB967DE06D}.Release|Any CPU.Build.0 = Release|Any CPU
		{602740FD-C13E-4A47-A9D8-B5DB967DE06D}.Release|x64.ActiveCfg = Release|Any CPU
		{602740FD-C13E-4A47-A9D8-B5DB967DE06D}.Release|x64.Build.0 = Release|Any CPU
		{602740FD-C13E-4A47-A9D8-B5DB967DE06D}.Release|x86.ActiveCfg = Release|Any CPU
		{602740FD-C13E-4A47-A9D8-B5DB967DE06D}.Release|x86.Build.0 = Release|Any CPU
		{DC6EFBA2-0B06-406C-801E-596291D2672A}.Debug|Any CPU.ActiveCfg = Debug|Any CPU
		{DC6EFBA2-0B06-406C-801E-596291D2672A}.Debug|Any CPU.Build.0 = Debug|Any CPU
		{DC6EFBA2-0B06-406C-801E-596291D2672A}.Debug|x64.ActiveCfg = Debug|Any CPU
		{DC6EFBA2-0B06-406C-801E-596291D2672A}.Debug|x64.Build.0 = Debug|Any CPU
		{DC6EFBA2-0B06-406C-801E-596291D2672A}.Debug|x86.ActiveCfg = Debug|Any CPU
		{DC6EFBA2-0B06-406C-801E-596291D2672A}.Debug|x86.Build.0 = Debug|Any CPU
		{DC6EFBA2-0B06-406C-801E-596291D2672A}.Release|Any CPU.ActiveCfg = Release|Any CPU
		{DC6EFBA2-0B06-406C-801E-596291D2672A}.Release|Any CPU.Build.0 = Release|Any CPU
		{DC6EFBA2-0B06-406C-801E-596291D2672A}.Release|x64.ActiveCfg = Release|Any CPU
		{DC6EFBA2-0B06-406C-801E-596291D2672A}.Release|x64.Build.0 = Release|Any CPU
		{DC6EFBA2-0B06-406C-801E-596291D2672A}.Release|x86.ActiveCfg = Release|Any CPU
		{DC6EFBA2-0B06-406C-801E-596291D2672A}.Release|x86.Build.0 = Release|Any CPU
	EndGlobalSection
	GlobalSection(SolutionProperties) = preSolution
		HideSolutionNode = FALSE
	EndGlobalSection
	GlobalSection(ExtensibilityGlobals) = postSolution
		SolutionGuid = {07C96299-44CA-44C6-8EBF-AE8CFEF8CFEF}
	EndGlobalSection
EndGlobal
